
Microsoft Visual Studio Solution File, Format Version 12.00
# Visual Studio Version 16
VisualStudioVersion = 16.0.29009.5
MinimumVisualStudioVersion = 10.0.40219.1
Project("{FAE04EC0-301F-11D3-BF4B-00C04F79EFBC}") = "MapleMacro", "MapleMacro\MapleMacro.csproj", "{D73217E4-0249-4C75-9515-611407F1B357}"
EndProject
Global
	GlobalSection(SolutionConfigurationPlatforms) = preSolution
		Debug|Any CPU = Debug|Any CPU
		Release|Any CPU = Release|Any CPU
	EndGlobalSection
	GlobalSection(ProjectConfigurationPlatforms) = postSolution
		{D73217E4-0249-4C75-9515-611407F1B357}.Debug|Any CPU.ActiveCfg = Debug|Any CPU
		{D73217E4-0249-4C75-9515-611407F1B357}.Debug|Any CPU.Build.0 = Debug|Any CPU
		{D73217E4-0249-4C75-9515-611407F1B357}.Release|Any CPU.ActiveCfg = Release|Any CPU
		{D73217E4-0249-4C75-9515-611407F1B357}.Release|Any CPU.Build.0 = Release|Any CPU
	EndGlobalSection
	GlobalSection(SolutionProperties) = preSolution
		HideSolutionNode = FALSE
	EndGlobalSection
	GlobalSection(ExtensibilityGlobals) = postSolution
		SolutionGuid = {85076667-CF6F-4733-B399-030FFE8D4BE0}
	EndGlobalSection
EndGlobal
